{
    "name": "20_transfer_steem_and_sbd",
    "version": "1.0.0",
    "lockfileVersion": 1,
    "requires": true,
    "dependencies": {
        "accepts": {
            "version": "1.3.5",
            "resolved": "https://registry.npmjs.org/accepts/-/accepts-1.3.5.tgz",
            "integrity": "sha1-63d99gEXI6OxTopywIBcjoZ0a9I=",
            "requires": {
                "mime-types": "2.1.20",
                "negotiator": "0.6.1"
            }
        },
        "any-promise": {
            "version": "1.3.0",
            "resolved": "https://registry.npmjs.org/any-promise/-/any-promise-1.3.0.tgz",
            "integrity": "sha1-q8av7tzqUugJzcA3au0845Y10X8="
        },
        "argparse": {
            "version": "0.1.16",
            "resolved": "https://registry.npmjs.org/argparse/-/argparse-0.1.16.tgz",
            "integrity": "sha1-z9AeD7uj1srtBJ+9dY1A9lGW9Xw=",
            "requires": {
                "underscore": "1.7.0",
                "underscore.string": "2.4.0"
            }
        },
        "assert-plus": {
            "version": "1.0.0",
            "resolved": "https://registry.npmjs.org/assert-plus/-/assert-plus-1.0.0.tgz",
            "integrity": "sha1-8S4PPF13sLHN2RRpQuTpbB5N1SU="
        },
        "autolinker": {
            "version": "0.15.3",
            "resolved": "https://registry.npmjs.org/autolinker/-/autolinker-0.15.3.tgz",
            "integrity": "sha1-NCQX2PLzRhsUzwkIjV7fh5HcmDI="
        },
        "base-x": {
            "version": "3.0.4",
            "resolved": "https://registry.npmjs.org/base-x/-/base-x-3.0.4.tgz",
            "integrity": "sha512-UYOadoSIkEI/VrRGSG6qp93rp2WdokiAiNYDfGW5qURAY8GiAQkvMbwNNSDYiVJopqv4gCna7xqf4rrNGp+5AA==",
            "requires": {
                "safe-buffer": "5.1.2"
            }
        },
        "bindings": {
            "version": "1.3.0",
            "resolved": "https://registry.npmjs.org/bindings/-/bindings-1.3.0.tgz",
            "integrity": "sha512-DpLh5EzMR2kzvX1KIlVC0VkC3iZtHKTgdtZ0a3pglBZdaQFjt5S9g9xd1lE+YvXyfd6mtCeRnrUfOLYiTMlNSw=="
        },
        "bip66": {
            "version": "1.1.5",
            "resolved": "https://registry.npmjs.org/bip66/-/bip66-1.1.5.tgz",
            "integrity": "sha1-AfqHSHhcpwlV1QESF9GzE5lpyiI=",
            "requires": {
                "safe-buffer": "5.1.2"
            }
        },
        "bn.js": {
            "version": "4.11.8",
            "resolved": "https://registry.npmjs.org/bn.js/-/bn.js-4.11.8.tgz",
            "integrity": "sha512-ItfYfPLkWHUjckQCk8xC+LwxgK8NYcXywGigJgSwOP8Y2iyWT4f2vsZnoOXTTbo+o5yXmIUJ4gn5538SO5S3gA=="
        },
        "bootstrap": {
            "version": "4.1.3",
            "resolved": "https://registry.npmjs.org/bootstrap/-/bootstrap-4.1.3.tgz",
            "integrity": "sha512-rDFIzgXcof0jDyjNosjv4Sno77X4KuPeFxG2XZZv1/Kc8DRVGVADdoQyyOVDwPqL36DDmtCQbrpMCqvpPLJQ0w=="
        },
        "brorand": {
            "version": "1.1.0",
            "resolved": "https://registry.npmjs.org/brorand/-/brorand-1.1.0.tgz",
            "integrity": "sha1-EsJe/kCkXjwyPrhnWgoM5XsiNx8="
        },
        "browserify-aes": {
            "version": "1.2.0",
            "resolved": "https://registry.npmjs.org/browserify-aes/-/browserify-aes-1.2.0.tgz",
            "integrity": "sha512-+7CHXqGuspUn/Sl5aO7Ea0xWGAtETPXNSAjHo48JfLdPWcMng33Xe4znFvQweqc/uzk5zSOI3H52CYnjCfb5hA==",
            "requires": {
                "buffer-xor": "1.0.3",
                "cipher-base": "1.0.4",
                "create-hash": "1.2.0",
                "evp_bytestokey": "1.0.3",
                "inherits": "2.0.3",
                "safe-buffer": "5.1.2"
            }
        },
        "bs58": {
            "version": "4.0.1",
            "resolved": "https://registry.npmjs.org/bs58/-/bs58-4.0.1.tgz",
            "integrity": "sha1-vhYedsNU9veIrkBx9j806MTwpCo=",
            "requires": {
                "base-x": "3.0.4"
            }
        },
        "buffer-xor": {
            "version": "1.0.3",
            "resolved": "https://registry.npmjs.org/buffer-xor/-/buffer-xor-1.0.3.tgz",
            "integrity": "sha1-JuYe0UIvtw3ULm42cp7VHYVf6Nk="
        },
        "bytebuffer": {
            "version": "5.0.1",
            "resolved": "https://registry.npmjs.org/bytebuffer/-/bytebuffer-5.0.1.tgz",
            "integrity": "sha1-WC7qSxqHO20CCkjVjfhfC7ps/d0=",
            "requires": {
                "long": "3.2.0"
            }
        },
        "cache-content-type": {
            "version": "1.0.1",
            "resolved": "https://registry.npmjs.org/cache-content-type/-/cache-content-type-1.0.1.tgz",
            "integrity": "sha512-IKufZ1o4Ut42YUrZSo8+qnMTrFuKkvyoLXUywKz9GJ5BrhOFGhLdkx9sG4KAnVvbY6kEcSFjLQul+DVmBm2bgA==",
            "requires": {
                "mime-types": "2.1.20",
                "ylru": "1.2.1"
            }
        },
        "cipher-base": {
            "version": "1.0.4",
            "resolved": "https://registry.npmjs.org/cipher-base/-/cipher-base-1.0.4.tgz",
            "integrity": "sha512-Kkht5ye6ZGmwv40uUDZztayT2ThLQGfnj/T71N/XzeZeo3nf8foyW7zGTsPYkEya3m5f3cAypH+qe7YOrM1U2Q==",
            "requires": {
                "inherits": "2.0.3",
                "safe-buffer": "5.1.2"
            }
        },
        "co": {
            "version": "4.6.0",
            "resolved": "https://registry.npmjs.org/co/-/co-4.6.0.tgz",
            "integrity": "sha1-bqa989hTrlTMuOR7+gvz+QMfsYQ="
        },
        "content-disposition": {
            "version": "0.5.2",
            "resolved": "https://registry.npmjs.org/content-disposition/-/content-disposition-0.5.2.tgz",
            "integrity": "sha1-DPaLud318r55YcOoUXjLhdunjLQ="
        },
        "content-type": {
            "version": "1.0.4",
            "resolved": "https://registry.npmjs.org/content-type/-/content-type-1.0.4.tgz",
            "integrity": "sha512-hIP3EEPs8tB9AT1L+NUqtwOAps4mk2Zob89MWXMHjHWg9milF/j4osnnQLXBCBFBk/tvIG/tUc9mOUJiPBhPXA=="
        },
        "cookies": {
            "version": "0.7.1",
            "resolved": "https://registry.npmjs.org/cookies/-/cookies-0.7.1.tgz",
            "integrity": "sha1-fIphX1SBxhq58WyDNzG8uPZjuZs=",
            "requires": {
                "depd": "1.1.2",
                "keygrip": "1.0.2"
            }
        },
        "core-js": {
            "version": "2.5.7",
            "resolved": "https://registry.npmjs.org/core-js/-/core-js-2.5.7.tgz",
            "integrity": "sha512-RszJCAxg/PP6uzXVXL6BsxSXx/B05oJAQ2vkJRjyjrEcNVycaqOmNb5OTxZPE3xa5gwZduqza6L9JOCenh/Ecw=="
        },
        "core-util-is": {
            "version": "1.0.2",
            "resolved": "https://registry.npmjs.org/core-util-is/-/core-util-is-1.0.2.tgz",
            "integrity": "sha1-tf1UIgqivFq1eqtxQMlAdUUDwac="
        },
        "create-hash": {
            "version": "1.2.0",
            "resolved": "https://registry.npmjs.org/create-hash/-/create-hash-1.2.0.tgz",
            "integrity": "sha512-z00bCGNHDG8mHAkP7CtT1qVu+bFQUPjYq/4Iv3C3kWjTFV10zIjfSoeqXo9Asws8gwSHDGj/hl2u4OGIjapeCg==",
            "requires": {
                "cipher-base": "1.0.4",
                "inherits": "2.0.3",
                "md5.js": "1.3.4",
                "ripemd160": "2.0.2",
                "sha.js": "2.4.11"
            }
        },
        "create-hmac": {
            "version": "1.1.7",
            "resolved": "https://registry.npmjs.org/create-hmac/-/create-hmac-1.1.7.tgz",
            "integrity": "sha512-MJG9liiZ+ogc4TzUwuvbER1JRdgvUFSB5+VR/g5h82fGaIRWMWddtKBHi7/sVhfjQZ6SehlyhvQYrcYkaUIpLg==",
            "requires": {
                "cipher-base": "1.0.4",
                "create-hash": "1.2.0",
                "inherits": "2.0.3",
                "ripemd160": "2.0.2",
                "safe-buffer": "5.1.2",
                "sha.js": "2.4.11"
            }
        },
        "debug": {
            "version": "3.1.0",
            "resolved": "https://registry.npmjs.org/debug/-/debug-3.1.0.tgz",
            "integrity": "sha512-OX8XqP7/1a9cqkxYw2yXss15f26NKWBpDXQd0/uK/KPqdQhxbPa994hnzjcE2VqQpDslf55723cKPUOGSmMY3g==",
            "requires": {
                "ms": "2.0.0"
            }
        },
        "deep-equal": {
            "version": "1.0.1",
            "resolved": "https://registry.npmjs.org/deep-equal/-/deep-equal-1.0.1.tgz",
            "integrity": "sha1-9dJgKStmDghO/0zbyfCK0yR0SLU="
        },
        "delegates": {
            "version": "1.0.0",
            "resolved": "https://registry.npmjs.org/delegates/-/delegates-1.0.0.tgz",
            "integrity": "sha1-hMbhWbgZBP3KWaDvRM2HDTElD5o="
        },
        "depd": {
            "version": "1.1.2",
            "resolved": "https://registry.npmjs.org/depd/-/depd-1.1.2.tgz",
            "integrity": "sha1-m81S4UwJd2PnSbJ0xDRu0uVgtak="
        },
        "destroy": {
            "version": "1.0.4",
            "resolved": "https://registry.npmjs.org/destroy/-/destroy-1.0.4.tgz",
            "integrity": "sha1-l4hXRCxEdJ5CBmE+N5RiBYJqvYA="
        },
        "drbg.js": {
            "version": "1.0.1",
            "resolved": "https://registry.npmjs.org/drbg.js/-/drbg.js-1.0.1.tgz",
            "integrity": "sha1-Pja2xCs3BDgjzbwzLVjzHiRFSAs=",
            "requires": {
                "browserify-aes": "1.2.0",
                "create-hash": "1.2.0",
                "create-hmac": "1.1.7"
            }
        },
        "dsteem": {
            "version": "0.8.7",
            "resolved": "https://registry.npmjs.org/dsteem/-/dsteem-0.8.7.tgz",
            "integrity": "sha512-Hyg5xZCPar+NmvvrhQiZIMcsuvl+v0631N5b/U4NdTsrvRV5tc2OaJBsrk3kKX7zhRqysrQ45HdKuSccdauiyQ==",
            "requires": {
                "bs58": "4.0.1",
                "bytebuffer": "5.0.1",
                "core-js": "2.5.7",
                "node-fetch": "2.2.0",
                "secp256k1": "3.5.2",
                "verror": "1.10.0",
                "whatwg-fetch": "2.0.4"
            }
        },
        "ee-first": {
            "version": "1.1.1",
            "resolved": "https://registry.npmjs.org/ee-first/-/ee-first-1.1.1.tgz",
            "integrity": "sha1-WQxhFWsK4vTwJVcyoViyZrxWsh0="
        },
        "elliptic": {
            "version": "6.4.1",
            "resolved": "https://registry.npmjs.org/elliptic/-/elliptic-6.4.1.tgz",
            "integrity": "sha512-BsXLz5sqX8OHcsh7CqBMztyXARmGQ3LWPtGjJi6DiJHq5C/qvi9P3OqgswKSDftbu8+IoI/QDTAm2fFnQ9SZSQ==",
            "requires": {
                "bn.js": "4.11.8",
                "brorand": "1.1.0",
                "hash.js": "1.1.5",
                "hmac-drbg": "1.0.1",
                "inherits": "2.0.3",
                "minimalistic-assert": "1.0.1",
                "minimalistic-crypto-utils": "1.0.1"
            }
        },
        "error-inject": {
            "version": "1.0.0",
            "resolved": "https://registry.npmjs.org/error-inject/-/error-inject-1.0.0.tgz",
            "integrity": "sha1-4rPZG1Su1nLzCdlQ0VSFD6EdTzc="
        },
        "escape-html": {
            "version": "1.0.3",
            "resolved": "https://registry.npmjs.org/escape-html/-/escape-html-1.0.3.tgz",
            "integrity": "sha1-Aljq5NPQwJdN4cFpGI7wBR0dGYg="
        },
        "evp_bytestokey": {
            "version": "1.0.3",
            "resolved": "https://registry.npmjs.org/evp_bytestokey/-/evp_bytestokey-1.0.3.tgz",
            "integrity": "sha512-/f2Go4TognH/KvCISP7OUsHn85hT9nUkxxA9BEWxFn+Oj9o8ZNLm/40hdlgSLyuOimsrTKLUMEorQexp/aPQeA==",
            "requires": {
                "md5.js": "1.3.4",
                "safe-buffer": "5.1.2"
            }
        },
        "extsprintf": {
            "version": "1.4.0",
            "resolved": "https://registry.npmjs.org/extsprintf/-/extsprintf-1.4.0.tgz",
            "integrity": "sha1-4mifjzVvrWLMplo6kcXfX5VRaS8="
        },
        "fresh": {
            "version": "0.5.2",
            "resolved": "https://registry.npmjs.org/fresh/-/fresh-0.5.2.tgz",
            "integrity": "sha1-PYyt2Q2XZWn6g1qx+OSyOhBWBac="
        },
        "hash-base": {
            "version": "3.0.4",
            "resolved": "https://registry.npmjs.org/hash-base/-/hash-base-3.0.4.tgz",
            "integrity": "sha1-X8hoaEfs1zSZQDMZprCj8/auSRg=",
            "requires": {
                "inherits": "2.0.3",
                "safe-buffer": "5.1.2"
            }
        },
        "hash.js": {
            "version": "1.1.5",
            "resolved": "https://registry.npmjs.org/hash.js/-/hash.js-1.1.5.tgz",
            "integrity": "sha512-eWI5HG9Np+eHV1KQhisXWwM+4EPPYe5dFX1UZZH7k/E3JzDEazVH+VGlZi6R94ZqImq+A3D1mCEtrFIfg/E7sA==",
            "requires": {
                "inherits": "2.0.3",
                "minimalistic-assert": "1.0.1"
            }
        },
        "hmac-drbg": {
            "version": "1.0.1",
            "resolved": "https://registry.npmjs.org/hmac-drbg/-/hmac-drbg-1.0.1.tgz",
            "integrity": "sha1-0nRXAQJabHdabFRXk+1QL8DGSaE=",
            "requires": {
                "hash.js": "1.1.5",
                "minimalistic-assert": "1.0.1",
                "minimalistic-crypto-utils": "1.0.1"
            }
        },
        "http-assert": {
            "version": "1.3.0",
            "resolved": "https://registry.npmjs.org/http-assert/-/http-assert-1.3.0.tgz",
            "integrity": "sha1-oxpc+IyHPsu1eWkH1NbxMujAHko=",
            "requires": {
                "deep-equal": "1.0.1",
                "http-errors": "1.6.3"
            },
            "dependencies": {
                "http-errors": {
                    "version": "1.6.3",
                    "resolved": "https://registry.npmjs.org/http-errors/-/http-errors-1.6.3.tgz",
                    "integrity": "sha1-i1VoC7S+KDoLW/TqLjhYC+HZMg0=",
                    "requires": {
                        "depd": "1.1.2",
                        "inherits": "2.0.3",
                        "setprototypeof": "1.1.0",
                        "statuses": "1.5.0"
                    }
                }
            }
        },
        "http-errors": {
            "version": "1.7.0",
            "resolved": "https://registry.npmjs.org/http-errors/-/http-errors-1.7.0.tgz",
            "integrity": "sha512-hz3BtSHB7Z6dNWzYc+gUbWqG4dIpJedwwOhe1cvGUq5tGmcTTIRkPiAbyh/JlZx+ksSJyGJlgcHo5jGahiXnKw==",
            "requires": {
                "depd": "1.1.2",
                "inherits": "2.0.3",
                "setprototypeof": "1.1.0",
                "statuses": "1.5.0",
                "toidentifier": "1.0.0"
            }
        },
        "inherits": {
            "version": "2.0.3",
            "resolved": "https://registry.npmjs.org/inherits/-/inherits-2.0.3.tgz",
            "integrity": "sha1-Yzwsg+PaQqUC9SRmAiSA9CCCYd4="
        },
        "is-generator-function": {
            "version": "1.0.7",
            "resolved": "https://registry.npmjs.org/is-generator-function/-/is-generator-function-1.0.7.tgz",
            "integrity": "sha512-YZc5EwyO4f2kWCax7oegfuSr9mFz1ZvieNYBEjmukLxgXfBUbxAWGVF7GZf0zidYtoBl3WvC07YK0wT76a+Rtw=="
        },
        "keygrip": {
            "version": "1.0.2",
            "resolved": "https://registry.npmjs.org/keygrip/-/keygrip-1.0.2.tgz",
            "integrity": "sha1-rTKXxVcGneqLz+ek+kkbdcXd65E="
        },
        "koa": {
            "version": "2.5.2",
            "resolved": "https://registry.npmjs.org/koa/-/koa-2.5.2.tgz",
            "integrity": "sha512-MoVGWre9g3p35pCqXNhOT/a4trwK5CGvalIoPi7qOA2RCZaep3GCsa/G/tD9QMjQI7bmVWn3XF3SOau8RkPh6w==",
            "requires": {
                "accepts": "1.3.5",
                "cache-content-type": "1.0.1",
                "content-disposition": "0.5.2",
                "content-type": "1.0.4",
                "cookies": "0.7.1",
                "debug": "3.1.0",
                "delegates": "1.0.0",
                "depd": "1.1.2",
                "destroy": "1.0.4",
                "error-inject": "1.0.0",
                "escape-html": "1.0.3",
                "fresh": "0.5.2",
                "http-assert": "1.3.0",
                "http-errors": "1.7.0",
                "is-generator-function": "1.0.7",
                "koa-compose": "4.1.0",
                "koa-convert": "1.2.0",
                "koa-is-json": "1.0.0",
                "on-finished": "2.3.0",
                "only": "0.0.2",
                "parseurl": "1.3.2",
                "statuses": "1.5.0",
                "type-is": "1.6.16",
                "vary": "1.1.2"
            }
        },
        "koa-compose": {
            "version": "4.1.0",
            "resolved": "https://registry.npmjs.org/koa-compose/-/koa-compose-4.1.0.tgz",
            "integrity": "sha512-8ODW8TrDuMYvXRwra/Kh7/rJo9BtOfPc6qO8eAfC80CnCvSjSl0bkRM24X6/XBBEyj0v1nRUQ1LyOy3dbqOWXw=="
        },
        "koa-convert": {
            "version": "1.2.0",
            "resolved": "https://registry.npmjs.org/koa-convert/-/koa-convert-1.2.0.tgz",
            "integrity": "sha1-2kCHXfSd4FOQmNFwC1CCDOvNIdA=",
            "requires": {
                "co": "4.6.0",
                "koa-compose": "3.2.1"
            },
            "dependencies": {
                "koa-compose": {
                    "version": "3.2.1",
                    "resolved": "https://registry.npmjs.org/koa-compose/-/koa-compose-3.2.1.tgz",
                    "integrity": "sha1-qFzLQLfZhtjlo0Wzoazo6rz1Tec=",
                    "requires": {
                        "any-promise": "1.3.0"
                    }
                }
            }
        },
        "koa-is-json": {
            "version": "1.0.0",
            "resolved": "https://registry.npmjs.org/koa-is-json/-/koa-is-json-1.0.0.tgz",
            "integrity": "sha1-JzwH7c3Ljfaiwat9We52SRRR7BQ="
        },
        "koa-send": {
            "version": "4.1.3",
            "resolved": "https://registry.npmjs.org/koa-send/-/koa-send-4.1.3.tgz",
            "integrity": "sha512-3UetMBdaXSiw24qM2Mx5mKmxLKw5ZTPRjACjfhK6Haca55RKm9hr/uHDrkrxhSl5/S1CKI/RivZVIopiatZuTA==",
            "requires": {
                "debug": "2.6.9",
                "http-errors": "1.7.0",
                "mz": "2.7.0",
                "resolve-path": "1.4.0"
            },
            "dependencies": {
                "debug": {
                    "version": "2.6.9",
                    "resolved": "https://registry.npmjs.org/debug/-/debug-2.6.9.tgz",
                    "integrity": "sha512-bC7ElrdJaJnPbAP+1EotYvqZsb3ecl5wi6Bfi6BJTUcNowp6cvspg0jXznRTKDjm/E7AdgFBVeAPVMNcKGsHMA==",
                    "requires": {
                        "ms": "2.0.0"
                    }
                }
            }
        },
        "koa-static": {
            "version": "4.0.3",
            "resolved": "https://registry.npmjs.org/koa-static/-/koa-static-4.0.3.tgz",
            "integrity": "sha512-JGmxTuPWy4bH7bt6gD/OMWkhprawvRmzJSr8TWKmTL4N7+IMv3s0SedeQi5S4ilxM9Bo6ptkCyXj/7wf+VS5tg==",
            "requires": {
                "debug": "3.1.0",
                "koa-send": "4.1.3"
            }
        },
        "long": {
            "version": "3.2.0",
            "resolved": "https://registry.npmjs.org/long/-/long-3.2.0.tgz",
            "integrity": "sha1-2CG3E4yhy1gcFymQ7xTbIAtcR0s="
        },
        "md5.js": {
            "version": "1.3.4",
            "resolved": "https://registry.npmjs.org/md5.js/-/md5.js-1.3.4.tgz",
            "integrity": "sha1-6b296UogpawYsENA/Fdk1bCdkB0=",
            "requires": {
                "hash-base": "3.0.4",
                "inherits": "2.0.3"
            }
        },
        "media-typer": {
            "version": "0.3.0",
            "resolved": "https://registry.npmjs.org/media-typer/-/media-typer-0.3.0.tgz",
            "integrity": "sha1-hxDXrwqmJvj/+hzgAWhUUmMlV0g="
        },
        "mime-db": {
            "version": "1.36.0",
            "resolved": "https://registry.npmjs.org/mime-db/-/mime-db-1.36.0.tgz",
            "integrity": "sha512-L+xvyD9MkoYMXb1jAmzI/lWYAxAMCPvIBSWur0PZ5nOf5euahRLVqH//FKW9mWp2lkqUgYiXPgkzfMUFi4zVDw=="
        },
        "mime-types": {
            "version": "2.1.20",
            "resolved": "https://registry.npmjs.org/mime-types/-/mime-types-2.1.20.tgz",
            "integrity": "sha512-HrkrPaP9vGuWbLK1B1FfgAkbqNjIuy4eHlIYnFi7kamZyLLrGlo2mpcx0bBmNpKqBtYtAfGbodDddIgddSJC2A==",
            "requires": {
                "mime-db": "1.36.0"
            }
        },
        "minimalistic-assert": {
            "version": "1.0.1",
            "resolved": "https://registry.npmjs.org/minimalistic-assert/-/minimalistic-assert-1.0.1.tgz",
            "integrity": "sha512-UtJcAD4yEaGtjPezWuO9wC4nwUnVH/8/Im3yEHQP4b67cXlD/Qr9hdITCU1xDbSEXg2XKNaP8jsReV7vQd00/A=="
        },
        "minimalistic-crypto-utils": {
            "version": "1.0.1",
            "resolved": "https://registry.npmjs.org/minimalistic-crypto-utils/-/minimalistic-crypto-utils-1.0.1.tgz",
            "integrity": "sha1-9sAMHAsIIkblxNmd+4x8CDsrWCo="
        },
        "ms": {
            "version": "2.0.0",
            "resolved": "https://registry.npmjs.org/ms/-/ms-2.0.0.tgz",
            "integrity": "sha1-VgiurfwAvmwpAd9fmGF4jeDVl8g="
        },
        "mz": {
            "version": "2.7.0",
            "resolved": "https://registry.npmjs.org/mz/-/mz-2.7.0.tgz",
            "integrity": "sha512-z81GNO7nnYMEhrGh9LeymoE4+Yr0Wn5McHIZMK5cfQCl+NDX08sCZgUc9/6MHni9IWuFLm1Z3HTCXu2z9fN62Q==",
            "requires": {
                "any-promise": "1.3.0",
                "object-assign": "4.1.1",
                "thenify-all": "1.6.0"
            }
        },
        "nan": {
            "version": "2.11.0",
            "resolved": "https://registry.npmjs.org/nan/-/nan-2.11.0.tgz",
            "integrity": "sha512-F4miItu2rGnV2ySkXOQoA8FKz/SR2Q2sWP0sbTxNxz/tuokeC8WxOhPMcwi0qIyGtVn/rrSeLbvVkznqCdwYnw=="
        },
        "negotiator": {
            "version": "0.6.1",
            "resolved": "https://registry.npmjs.org/negotiator/-/negotiator-0.6.1.tgz",
            "integrity": "sha1-KzJxhOiZIQEXeyhWP7XnECrNDKk="
        },
        "node-fetch": {
            "version": "2.2.0",
            "resolved": "https://registry.npmjs.org/node-fetch/-/node-fetch-2.2.0.tgz",
            "integrity": "sha512-OayFWziIxiHY8bCUyLX6sTpDH8Jsbp4FfYd1j1f7vZyfgkcOnAyM4oQR16f8a0s7Gl/viMGRey8eScYk4V4EZA=="
        },
        "object-assign": {
            "version": "4.1.1",
            "resolved": "https://registry.npmjs.org/object-assign/-/object-assign-4.1.1.tgz",
            "integrity": "sha1-IQmtx5ZYh8/AXLvUQsrIv7s2CGM="
        },
        "on-finished": {
            "version": "2.3.0",
            "resolved": "https://registry.npmjs.org/on-finished/-/on-finished-2.3.0.tgz",
            "integrity": "sha1-IPEzZIGwg811M3mSoWlxqi2QaUc=",
            "requires": {
                "ee-first": "1.1.1"
            }
        },
        "only": {
            "version": "0.0.2",
            "resolved": "https://registry.npmjs.org/only/-/only-0.0.2.tgz",
            "integrity": "sha1-Kv3oTQPlC5qO3EROMGEKcCle37Q="
        },
        "parseurl": {
            "version": "1.3.2",
            "resolved": "https://registry.npmjs.org/parseurl/-/parseurl-1.3.2.tgz",
            "integrity": "sha1-/CidTtiZMRlGDBViUyYs3I3mW/M="
        },
        "path-is-absolute": {
            "version": "1.0.1",
            "resolved": "https://registry.npmjs.org/path-is-absolute/-/path-is-absolute-1.0.1.tgz",
            "integrity": "sha1-F0uSaHNVNP+8es5r9TpanhtcX18="
        },
        "remarkable": {
            "version": "1.7.1",
            "resolved": "https://registry.npmjs.org/remarkable/-/remarkable-1.7.1.tgz",
            "integrity": "sha1-qspJchALZqZCpjoQIcpLrBvjv/Y=",
            "requires": {
                "argparse": "0.1.16",
                "autolinker": "0.15.3"
            }
        },
        "resolve-path": {
            "version": "1.4.0",
            "resolved": "https://registry.npmjs.org/resolve-path/-/resolve-path-1.4.0.tgz",
            "integrity": "sha1-xL2p9e+y/OZSR4c6s2u02DT+Fvc=",
            "requires": {
                "http-errors": "1.6.3",
                "path-is-absolute": "1.0.1"
            },
            "dependencies": {
                "http-errors": {
                    "version": "1.6.3",
                    "resolved": "https://registry.npmjs.org/http-errors/-/http-errors-1.6.3.tgz",
                    "integrity": "sha1-i1VoC7S+KDoLW/TqLjhYC+HZMg0=",
                    "requires": {
                        "depd": "1.1.2",
                        "inherits": "2.0.3",
                        "setprototypeof": "1.1.0",
                        "statuses": "1.5.0"
                    }
                }
            }
        },
        "ripemd160": {
            "version": "2.0.2",
            "resolved": "https://registry.npmjs.org/ripemd160/-/ripemd160-2.0.2.tgz",
            "integrity": "sha512-ii4iagi25WusVoiC4B4lq7pbXfAp3D9v5CwfkY33vffw2+pkDjY1D8GaN7spsxvCSx8dkPqOZCEZyfxcmJG2IA==",
            "requires": {
                "hash-base": "3.0.4",
                "inherits": "2.0.3"
            }
        },
        "safe-buffer": {
            "version": "5.1.2",
            "resolved": "https://registry.npmjs.org/safe-buffer/-/safe-buffer-5.1.2.tgz",
            "integrity": "sha512-Gd2UZBJDkXlY7GbJxfsE8/nvKkUEU1G38c1siN6QP6a9PT9MmHB8GnpscSmMJSoF8LOIrt8ud/wPtojys4G6+g=="
        },
        "secp256k1": {
            "version": "3.5.2",
            "resolved": "https://registry.npmjs.org/secp256k1/-/secp256k1-3.5.2.tgz",
            "integrity": "sha512-iin3kojdybY6NArd+UFsoTuapOF7bnJNf2UbcWXaY3z+E1sJDipl60vtzB5hbO/uquBu7z0fd4VC4Irp+xoFVQ==",
            "requires": {
                "bindings": "1.3.0",
                "bip66": "1.1.5",
                "bn.js": "4.11.8",
                "create-hash": "1.2.0",
                "drbg.js": "1.0.1",
                "elliptic": "6.4.1",
                "nan": "2.11.0",
                "safe-buffer": "5.1.2"
            }
        },
        "setprototypeof": {
            "version": "1.1.0",
            "resolved": "https://registry.npmjs.org/setprototypeof/-/setprototypeof-1.1.0.tgz",
            "integrity": "sha512-BvE/TwpZX4FXExxOxZyRGQQv651MSwmWKZGqvmPcRIjDqWub67kTKuIMx43cZZrS/cBBzwBcNDWoFxt2XEFIpQ=="
        },
        "sha.js": {
            "version": "2.4.11",
            "resolved": "https://registry.npmjs.org/sha.js/-/sha.js-2.4.11.tgz",
            "integrity": "sha512-QMEp5B7cftE7APOjk5Y6xgrbWu+WkLVQwk8JNjZ8nKRciZaByEW6MubieAiToS7+dwvrjGhH8jRXz3MVd0AYqQ==",
            "requires": {
                "inherits": "2.0.3",
                "safe-buffer": "5.1.2"
            }
        },
        "statuses": {
            "version": "1.5.0",
            "resolved": "https://registry.npmjs.org/statuses/-/statuses-1.5.0.tgz",
            "integrity": "sha1-Fhx9rBd2Wf2YEfQ3cfqZOBR4Yow="
        },
        "thenify": {
            "version": "3.3.0",
            "resolved": "https://registry.npmjs.org/thenify/-/thenify-3.3.0.tgz",
            "integrity": "sha1-5p44obq+lpsBCCB5eLn2K4hgSDk=",
            "requires": {
                "any-promise": "1.3.0"
            }
        },
        "thenify-all": {
            "version": "1.6.0",
            "resolved": "https://registry.npmjs.org/thenify-all/-/thenify-all-1.6.0.tgz",
            "integrity": "sha1-GhkY1ALY/D+Y+/I02wvMjMEOlyY=",
            "requires": {
                "thenify": "3.3.0"
            }
        },
        "toidentifier": {
            "version": "1.0.0",
            "resolved": "https://registry.npmjs.org/toidentifier/-/toidentifier-1.0.0.tgz",
            "integrity": "sha512-yaOH/Pk/VEhBWWTlhI+qXxDFXlejDGcQipMlyxda9nthulaxLZUNcUqFxokp0vcYnvteJln5FNQDRrxj3YcbVw=="
        },
        "type-is": {
            "version": "1.6.16",
            "resolved": "https://registry.npmjs.org/type-is/-/type-is-1.6.16.tgz",
            "integrity": "sha512-HRkVv/5qY2G6I8iab9cI7v1bOIdhm94dVjQCPFElW9W+3GeDOSHmy2EBYe4VTApuzolPcmgFTN3ftVJRKR2J9Q==",
            "requires": {
                "media-typer": "0.3.0",
                "mime-types": "2.1.20"
            }
        },
        "underscore": {
            "version": "1.7.0",
            "resolved": "https://registry.npmjs.org/underscore/-/underscore-1.7.0.tgz",
            "integrity": "sha1-a7rwh3UA02vjTsqlhODbn+8DUgk="
        },
        "underscore.string": {
            "version": "2.4.0",
            "resolved": "https://registry.npmjs.org/underscore.string/-/underscore.string-2.4.0.tgz",
            "integrity": "sha1-jN2PusTi0uoefi6Al8QvRCKA+Fs="
        },
        "vary": {
            "version": "1.1.2",
            "resolved": "https://registry.npmjs.org/vary/-/vary-1.1.2.tgz",
            "integrity": "sha1-IpnwLG3tMNSllhsLn3RSShj2NPw="
        },
        "verror": {
            "version": "1.10.0",
            "resolved": "https://registry.npmjs.org/verror/-/verror-1.10.0.tgz",
            "integrity": "sha1-OhBcoXBTr1XW4nDB+CiGguGNpAA=",
            "requires": {
                "assert-plus": "1.0.0",
                "core-util-is": "1.0.2",
                "extsprintf": "1.4.0"
            }
        },
        "whatwg-fetch": {
            "version": "2.0.4",
            "resolved": "https://registry.npmjs.org/whatwg-fetch/-/whatwg-fetch-2.0.4.tgz",
            "integrity": "sha512-dcQ1GWpOD/eEQ97k66aiEVpNnapVj90/+R+SXTPYGHpYBBypfKJEQjLrvMZ7YXbKm21gXd4NcuxUTjiv1YtLng=="
        },
        "ylru": {
            "version": "1.2.1",
            "resolved": "https://registry.npmjs.org/ylru/-/ylru-1.2.1.tgz",
            "integrity": "sha512-faQrqNMzcPCHGVC2aaOINk13K+aaBDUPjGWl0teOXywElLjyVAB6Oe2jj62jHYtwsU49jXhScYbvPENK+6zAvQ=="
        }
    }
}
